// !$*UTF8*$!
{
	archiveVersion = 1;
	classes = {
	};
	objectVersion = 46;
	objects = {

/* Begin PBXBuildFile section */
		44321C661D31622F008B48CF /* main.m in Sources */ = {isa = PBXBuildFile; fileRef = 44321C651D31622F008B48CF /* main.m */; };
		44321C691D31622F008B48CF /* AppDelegate.m in Sources */ = {isa = PBXBuildFile; fileRef = 44321C681D31622F008B48CF /* AppDelegate.m */; };
		44321C6C1D31622F008B48CF /* ViewController.m in Sources */ = {isa = PBXBuildFile; fileRef = 44321C6B1D31622F008B48CF /* ViewController.m */; };
		44321C6F1D31622F008B48CF /* Main.storyboard in Resources */ = {isa = PBXBuildFile; fileRef = 44321C6D1D31622F008B48CF /* Main.storyboard */; };
		44321C711D31622F008B48CF /* Assets.xcassets in Resources */ = {isa = PBXBuildFile; fileRef = 44321C701D31622F008B48CF /* Assets.xcassets */; };
		44321C741D31622F008B48CF /* LaunchScreen.storyboard in Resources */ = {isa = PBXBuildFile; fileRef = 44321C721D31622F008B48CF /* LaunchScreen.storyboard */; };
		44321C7F1D31622F008B48CF /* Man_s_Best_FriendTests.m in Sources */ = {isa = PBXBuildFile; fileRef = 44321C7E1D31622F008B48CF /* Man_s_Best_FriendTests.m */; };
		44321C8A1D31622F008B48CF /* Man_s_Best_FriendUITests.m in Sources */ = {isa = PBXBuildFile; fileRef = 44321C891D31622F008B48CF /* Man_s_Best_FriendUITests.m */; };
/* End PBXBuildFile section */

/* Begin PBXContainerItemProxy section */
		44321C7B1D31622F008B48CF /* PBXContainerItemProxy */ = {
			isa = PBXContainerItemProxy;
			containerPortal = 44321C591D31622F008B48CF /* Project object */;
			proxyType = 1;
			remoteGlobalIDString = 44321C601D31622F008B48CF;
			remoteInfo = "Man's Best Friend";
		};
		44321C861D31622F008B48CF /* PBXContainerItemProxy */ = {
			isa = PBXContainerItemProxy;
			containerPortal = 44321C591D31622F008B48CF /* Project object */;
			proxyType = 1;
			remoteGlobalIDString = 44321C601D31622F008B48CF;
			remoteInfo = "Man's Best Friend";
		};
/* End PBXContainerItemProxy section */

/* Begin PBXFileReference section */
		44321C611D31622F008B48CF /* Man's Best Friend.app */ = {isa = PBXFileReference; explicitFileType = wrapper.application; includeInIndex = 0; path = "Man's Best Friend.app"; sourceTree = BUILT_PRODUCTS_DIR; };
		44321C651D31622F008B48CF /* main.m */ = {isa = PBXFileReference; lastKnownFileType = sourcecode.c.objc; path = main.m; sourceTree = "<group>"; };
		44321C671D31622F008B48CF /* AppDelegate.h */ = {isa = PBXFileReference; lastKnownFileType = sourcecode.c.h; path = AppDelegate.h; sourceTree = "<group>"; };
		44321C681D31622F008B48CF /* AppDelegate.m */ = {isa = PBXFileReference; lastKnownFileType = sourcecode.c.objc; path = AppDelegate.m; sourceTree = "<group>"; };
		44321C6A1D31622F008B48CF /* ViewController.h */ = {isa = PBXFileReference; lastKnownFileType = sourcecode.c.h; path = ViewController.h; sourceTree = "<group>"; };
		44321C6B1D31622F008B48CF /* ViewController.m */ = {isa = PBXFileReference; lastKnownFileType = sourcecode.c.objc; path = ViewController.m; sourceTree = "<group>"; };
		44321C6E1D31622F008B48CF /* Base */ = {isa = PBXFileReference; lastKnownFileType = file.storyboard; name = Base; path = Base.lproj/Main.storyboard; sourceTree = "<group>"; };
		44321C701D31622F008B48CF /* Assets.xcassets */ = {isa = PBXFileReference; lastKnownFileType = folder.assetcatalog; path = Assets.xcassets; sourceTree = "<group>"; };
		44321C731D31622F008B48CF /* Base */ = {isa = PBXFileReference; lastKnownFileType = file.storyboard; name = Base; path = Base.lproj/LaunchScreen.storyboard; sourceTree = "<group>"; };
		44321C751D31622F008B48CF /* Info.plist */ = {isa = PBXFileReference; lastKnownFileType = text.plist.xml; path = Info.plist; sourceTree = "<group>"; };
		44321C7A1D31622F008B48CF /* Man's Best FriendTests.xctest */ = {isa = PBXFileReference; explicitFileType = wrapper.cfbundle; includeInIndex = 0; path = "Man's Best FriendTests.xctest"; sourceTree = BUILT_PRODUCTS_DIR; };
		44321C7E1D31622F008B48CF /* Man_s_Best_FriendTests.m */ = {isa = PBXFileReference; lastKnownFileType = sourcecode.c.objc; path = Man_s_Best_FriendTests.m; sourceTree = "<group>"; };
		44321C801D31622F008B48CF /* Info.plist */ = {isa = PBXFileReference; lastKnownFileType = text.plist.xml; path = Info.plist; sourceTree = "<group>"; };
		44321C851D31622F008B48CF /* Man's Best FriendUITests.xctest */ = {isa = PBXFileReference; explicitFileType = wrapper.cfbundle; includeInIndex = 0; path = "Man's Best FriendUITests.xctest"; sourceTree = BUILT_PRODUCTS_DIR; };
		44321C891D31622F008B48CF /* Man_s_Best_FriendUITests.m */ = {isa = PBXFileReference; lastKnownFileType = sourcecode.c.objc; path = Man_s_Best_FriendUITests.m; sourceTree = "<group>"; };
		44321C8B1D31622F008B48CF /* Info.plist */ = {isa = PBXFileReference; lastKnownFileType = text.plist.xml; path = Info.plist; sourceTree = "<group>"; };
/* End PBXFileReference section */

/* Begin PBXFrameworksBuildPhase section */
		44321C5E1D31622F008B48CF /* Frameworks */ = {
			isa = PBXFrameworksBuildPhase;
			buildActionMask = 2147483647;
			files = (
			);
			runOnlyForDeploymentPostprocessing = 0;
		};
		44321C771D31622F008B48CF /* Frameworks */ = {
			isa = PBXFrameworksBuildPhase;
			buildActionMask = 2147483647;
			files = (
			);
			runOnlyForDeploymentPostprocessing = 0;
		};
		44321C821D31622F008B48CF /* Frameworks */ = {
			isa = PBXFrameworksBuildPhase;
			buildActionMask = 2147483647;
			files = (
			);
			runOnlyForDeploymentPostprocessing = 0;
		};
/* End PBXFrameworksBuildPhase section */

/* Begin PBXGroup section */
		44321C581D31622F008B48CF = {
			isa = PBXGroup;
			children = (
				44321C631D31622F008B48CF /* Man's Best Friend */,
				44321C7D1D31622F008B48CF /* Man's Best FriendTests */,
				44321C881D31622F008B48CF /* Man's Best FriendUITests */,
				44321C621D31622F008B48CF /* Products */,
			);
			sourceTree = "<group>";
		};
		44321C621D31622F008B48CF /* Products */ = {
			isa = PBXGroup;
			children = (
				44321C611D31622F008B48CF /* Man's Best Friend.app */,
				44321C7A1D31622F008B48CF /* Man's Best FriendTests.xctest */,
				44321C851D31622F008B48CF /* Man's Best FriendUITests.xctest */,
			);
			name = Products;
			sourceTree = "<group>";
		};
		44321C631D31622F008B48CF /* Man's Best Friend */ = {
			isa = PBXGroup;
			children = (
				44321C671D31622F008B48CF /* AppDelegate.h */,
				44321C681D31622F008B48CF /* AppDelegate.m */,
				44321C6A1D31622F008B48CF /* ViewController.h */,
				44321C6B1D31622F008B48CF /* ViewController.m */,
				44321C6D1D31622F008B48CF /* Main.storyboard */,
				44321C701D31622F008B48CF /* Assets.xcassets */,
				44321C721D31622F008B48CF /* LaunchScreen.storyboard */,
				44321C751D31622F008B48CF /* Info.plist */,
				44321C641D31622F008B48CF /* Supporting Files */,
			);
			path = "Man's Best Friend";
			sourceTree = "<group>";
		};
		44321C641D31622F008B48CF /* Supporting Files */ = {
			isa = PBXGroup;
			children = (
				44321C651D31622F008B48CF /* main.m */,
			);
			name = "Supporting Files";
			sourceTree = "<group>";
		};
		44321C7D1D31622F008B48CF /* Man's Best FriendTests */ = {
			isa = PBXGroup;
			children = (
				44321C7E1D31622F008B48CF /* Man_s_Best_FriendTests.m */,
				44321C801D31622F008B48CF /* Info.plist */,
			);
			path = "Man's Best FriendTests";
			sourceTree = "<group>";
		};
		44321C881D31622F008B48CF /* Man's Best FriendUITests */ = {
			isa = PBXGroup;
			children = (
				44321C891D31622F008B48CF /* Man_s_Best_FriendUITests.m */,
				44321C8B1D31622F008B48CF /* Info.plist */,
			);
			path = "Man's Best FriendUITests";
			sourceTree = "<group>";
		};
/* End PBXGroup section */

/* Begin PBXNativeTarget section */
		44321C601D31622F008B48CF /* Man's Best Friend */ = {
			isa = PBXNativeTarget;
			buildConfigurationList = 44321C8E1D31622F008B48CF /* Build configuration list for PBXNativeTarget "Man's Best Friend" */;
			buildPhases = (
				44321C5D1D31622F008B48CF /* Sources */,
				44321C5E1D31622F008B48CF /* Frameworks */,
				44321C5F1D31622F008B48CF /* Resources */,
			);
			buildRules = (
			);
			dependencies = (
			);
			name = "Man's Best Friend";
			productName = "Man's Best Friend";
			productReference = 44321C611D31622F008B48CF /* Man's Best Friend.app */;
			productType = "com.apple.product-type.application";
		};
		44321C791D31622F008B48CF /* Man's Best FriendTests */ = {
			isa = PBXNativeTarget;
			buildConfigurationList = 44321C911D31622F008B48CF /* Build configuration list for PBXNativeTarget "Man's Best FriendTests" */;
			buildPhases = (
				44321C761D31622F008B48CF /* Sources */,
				44321C771D31622F008B48CF /* Frameworks */,
				44321C781D31622F008B48CF /* Resources */,
			);
			buildRules = (
			);
			dependencies = (
				44321C7C1D31622F008B48CF /* PBXTargetDependency */,
			);
			name = "Man's Best FriendTests";
			productName = "Man's Best FriendTests";
			productReference = 44321C7A1D31622F008B48CF /* Man's Best FriendTests.xctest */;
			productType = "com.apple.product-type.bundle.unit-test";
		};
		44321C841D31622F008B48CF /* Man's Best FriendUITests */ = {
			isa = PBXNativeTarget;
			buildConfigurationList = 44321C941D31622F008B48CF /* Build configuration list for PBXNativeTarget "Man's Best FriendUITests" */;
			buildPhases = (
				44321C811D31622F008B48CF /* Sources */,
				44321C821D31622F008B48CF /* Frameworks */,
				44321C831D31622F008B48CF /* Resources */,
			);
			buildRules = (
			);
			dependencies = (
				44321C871D31622F008B48CF /* PBXTargetDependency */,
			);
			name = "Man's Best FriendUITests";
			productName = "Man's Best FriendUITests";
			productReference = 44321C851D31622F008B48CF /* Man's Best FriendUITests.xctest */;
			productType = "com.apple.product-type.bundle.ui-testing";
		};
/* End PBXNativeTarget section */

/* Begin PBXProject section */
		44321C591D31622F008B48CF /* Project object */ = {
			isa = PBXProject;
			attributes = {
				LastUpgradeCheck = 0730;
				ORGANIZATIONNAME = "JONATHAN ROMERO";
				TargetAttributes = {
					44321C601D31622F008B48CF = {
						CreatedOnToolsVersion = 7.3.1;
					};
					44321C791D31622F008B48CF = {
						CreatedOnToolsVersion = 7.3.1;
						TestTargetID = 44321C601D31622F008B48CF;
					};
					44321C841D31622F008B48CF = {
						CreatedOnToolsVersion = 7.3.1;
						TestTargetID = 44321C601D31622F008B48CF;
					};
				};
			};
			buildConfigurationList = 44321C5C1D31622F008B48CF /* Build configuration list for PBXProject "Man's Best Friend" */;
			compatibilityVersion = "Xcode 3.2";
			developmentRegion = English;
			hasScannedForEncodings = 0;
			knownRegions = (
				en,
				Base,
			);
			mainGroup = 44321C581D31622F008B48CF;
			productRefGroup = 44321C621D31622F008B48CF /* Products */;
			projectDirPath = "";
			projectRoot = "";
			targets = (
				44321C601D31622F008B48CF /* Man's Best Friend */,
				44321C791D31622F008B48CF /* Man's Best FriendTests */,
				44321C841D31622F008B48CF /* Man's Best FriendUITests */,
			);
		};
/* End PBXProject section */

/* Begin PBXResourcesBuildPhase section */
		44321C5F1D31622F008B48CF /* Resources */ = {
			isa = PBXResourcesBuildPhase;
			buildActionMask = 2147483647;
			files = (
				44321C741D31622F008B48CF /* LaunchScreen.storyboard in Resources */,
				44321C711D31622F008B48CF /* Assets.xcassets in Resources */,
				44321C6F1D31622F008B48CF /* Main.storyboard in Resources */,
			);
			runOnlyForDeploymentPostprocessing = 0;
		};
		44321C781D31622F008B48CF /* Resources */ = {
			isa = PBXResourcesBuildPhase;
			buildActionMask = 2147483647;
			files = (
			);
			runOnlyForDeploymentPostprocessing = 0;
		};
		44321C831D31622F008B48CF /* Resources */ = {
			isa = PBXResourcesBuildPhase;
			buildActionMask = 2147483647;
			files = (
			);
			runOnlyForDeploymentPostprocessing = 0;
		};
/* End PBXResourcesBuildPhase section */

/* Begin PBXSourcesBuildPhase section */
		44321C5D1D31622F008B48CF /* Sources */ = {
			isa = PBXSourcesBuildPhase;
			buildActionMask = 2147483647;
			files = (
				44321C6C1D31622F008B48CF /* ViewController.m in Sources */,
				44321C691D31622F008B48CF /* AppDelegate.m in Sources */,
				44321C661D31622F008B48CF /* main.m in Sources */,
			);
			runOnlyForDeploymentPostprocessing = 0;
		};
		44321C761D31622F008B48CF /* Sources */ = {
			isa = PBXSourcesBuildPhase;
			buildActionMask = 2147483647;
			files = (
				44321C7F1D31622F008B48CF /* Man_s_Best_FriendTests.m in Sources */,
			);
			runOnlyForDeploymentPostprocessing = 0;
		};
		44321C811D31622F008B48CF /* Sources */ = {
			isa = PBXSourcesBuildPhase;
			buildActionMask = 2147483647;
			files = (
				44321C8A1D31622F008B48CF /* Man_s_Best_FriendUITests.m in Sources */,
			);
			runOnlyForDeploymentPostprocessing = 0;
		};
/* End PBXSourcesBuildPhase section */

/* Begin PBXTargetDependency section */
		44321C7C1D31622F008B48CF /* PBXTargetDependency */ = {
			isa = PBXTargetDependency;
			target = 44321C601D31622F008B48CF /* Man's Best Friend */;
			targetProxy = 44321C7B1D31622F008B48CF /* PBXContainerItemProxy */;
		};
		44321C871D31622F008B48CF /* PBXTargetDependency */ = {
			isa = PBXTargetDependency;
			target = 44321C601D31622F008B48CF /* Man's Best Friend */;
			targetProxy = 44321C861D31622F008B48CF /* PBXContainerItemProxy */;
		};
/* End PBXTargetDependency section */

/* Begin PBXVariantGroup section */
		44321C6D1D31622F008B48CF /* Main.storyboard */ = {
			isa = PBXVariantGroup;
			children = (
				44321C6E1D31622F008B48CF /* Base */,
			);
			name = Main.storyboard;
			sourceTree = "<group>";
		};
		44321C721D31622F008B48CF /* LaunchScreen.storyboard */ = {
			isa = PBXVariantGroup;
			children = (
				44321C731D31622F008B48CF /* Base */,
			);
			name = LaunchScreen.storyboard;
			sourceTree = "<group>";
		};
/* End PBXVariantGroup section */

/* Begin XCBuildConfiguration section */
		44321C8C1D31622F008B48CF /* Debug */ = {
			isa = XCBuildConfiguration;
			buildSettings = {
				ALWAYS_SEARCH_USER_PATHS = NO;
				CLANG_ANALYZER_NONNULL = YES;
				CLANG_CXX_LANGUAGE_STANDARD = "gnu++0x";
				CLANG_CXX_LIBRARY = "libc++";
				CLANG_ENABLE_MODULES = YES;
				CLANG_ENABLE_OBJC_ARC = YES;
				CLANG_WARN_BOOL_CONVERSION = YES;
				CLANG_WARN_CONSTANT_CONVERSION = YES;
				CLANG_WARN_DIRECT_OBJC_ISA_USAGE = YES_ERROR;
				CLANG_WARN_EMPTY_BODY = YES;
				CLANG_WARN_ENUM_CONVERSION = YES;
				CLANG_WARN_INT_CONVERSION = YES;
				CLANG_WARN_OBJC_ROOT_CLASS = YES_ERROR;
				CLANG_WARN_UNREACHABLE_CODE = YES;
				CLANG_WARN__DUPLICATE_METHOD_MATCH = YES;
				"CODE_SIGN_IDENTITY[sdk=iphoneos*]" = "iPhone Developer";
				COPY_PHASE_STRIP = NO;
				DEBUG_INFORMATION_FORMAT = dwarf;
				ENABLE_STRICT_OBJC_MSGSEND = YES;
				ENABLE_TESTABILITY = YES;
				GCC_C_LANGUAGE_STANDARD = gnu99;
				GCC_DYNAMIC_NO_PIC = NO;
				GCC_NO_COMMON_BLOCKS = YES;
				GCC_OPTIMIZATION_LEVEL = 0;
				GCC_PREPROCESSOR_DEFINITIONS = (
					"DEBUG=1",
					"$(inherited)",
				);
				GCC_WARN_64_TO_32_BIT_CONVERSION = YES;
				GCC_WARN_ABOUT_RETURN_TYPE = YES_ERROR;
				GCC_WARN_UNDECLARED_SELECTOR = YES;
				GCC_WARN_UNINITIALIZED_AUTOS = YES_AGGRESSIVE;
				GCC_WARN_UNUSED_FUNCTION = YES;
				GCC_WARN_UNUSED_VARIABLE = YES;
				IPHONEOS_DEPLOYMENT_TARGET = 9.3;
				MTL_ENABLE_DEBUG_INFO = YES;
				ONLY_ACTIVE_ARCH = YES;
				SDKROOT = iphoneos;
			};
			name = Debug;
		};
		44321C8D1D31622F008B48CF /* Release */ = {
			isa = XCBuildConfiguration;
			buildSettings = {
				ALWAYS_SEARCH_USER_PATHS = NO;
				CLANG_ANALYZER_NONNULL = YES;
				CLANG_CXX_LANGUAGE_STANDARD = "gnu++0x";
				CLANG_CXX_LIBRARY = "libc++";
				CLANG_ENABLE_MODULES = YES;
				CLANG_ENABLE_OBJC_ARC = YES;
				CLANG_WARN_BOOL_CONVERSION = YES;
				CLANG_WARN_CONSTANT_CONVERSION = YES;
				CLANG_WARN_DIRECT_OBJC_ISA_USAGE = YES_ERROR;
				CLANG_WARN_EMPTY_BODY = YES;
				CLANG_WARN_ENUM_CONVERSION = YES;
				CLANG_WARN_INT_CONVERSION = YES;
				CLANG_WARN_OBJC_ROOT_CLASS = YES_ERROR;
				CLANG_WARN_UNREACHABLE_CODE = YES;
				CLANG_WARN__DUPLICATE_METHOD_MATCH = YES;
				"CODE_SIGN_IDENTITY[sdk=iphoneos*]" = "iPhone Developer";
				COPY_PHASE_STRIP = NO;
				DEBUG_INFORMATION_FORMAT = "dwarf-with-dsym";
				ENABLE_NS_ASSERTIONS = NO;
				ENABLE_STRICT_OBJC_MSGSEND = YES;
				GCC_C_LANGUAGE_STANDARD = gnu99;
				GCC_NO_COMMON_BLOCKS = YES;
				GCC_WARN_64_TO_32_BIT_CONVERSION = YES;
				GCC_WARN_ABOUT_RETURN_TYPE = YES_ERROR;
				GCC_WARN_UNDECLARED_SELECTOR = YES;
				GCC_WARN_UNINITIALIZED_AUTOS = YES_AGGRESSIVE;
				GCC_WARN_UNUSED_FUNCTION = YES;
				GCC_WARN_UNUSED_VARIABLE = YES;
				IPHONEOS_DEPLOYMENT_TARGET = 9.3;
				MTL_ENABLE_DEBUG_INFO = NO;
				SDKROOT = iphoneos;
				VALIDATE_PRODUCT = YES;
			};
			name = Release;
		};
		44321C8F1D31622F008B48CF /* Debug */ = {
			isa = XCBuildConfiguration;
			buildSettings = {
				ASSETCATALOG_COMPILER_APPICON_NAME = AppIcon;
				INFOPLIST_FILE = "Man's Best Friend/Info.plist";
				LD_RUNPATH_SEARCH_PATHS = "$(inherited) @executable_path/Frameworks";
				PRODUCT_BUNDLE_IDENTIFIER = "self.edu.jromero.Man-s-Best-Friend";
				PRODUCT_NAME = "$(TARGET_NAME)";
			};
			name = Debug;
		};
		44321C901D31622F008B48CF /* Release */ = {
			isa = XCBuildConfiguration;
			buildSettings = {
				ASSETCATALOG_COMPILER_APPICON_NAME = AppIcon;
				INFOPLIST_FILE = "Man's Best Friend/Info.plist";
				LD_RUNPATH_SEARCH_PATHS = "$(inherited) @executable_path/Frameworks";
				PRODUCT_BUNDLE_IDENTIFIER = "self.edu.jromero.Man-s-Best-Friend";
				PRODUCT_NAME = "$(TARGET_NAME)";
			};
			name = Release;
		};
		44321C921D31622F008B48CF /* Debug */ = {
			isa = XCBuildConfiguration;
			buildSettings = {
				BUNDLE_LOADER = "$(TEST_HOST)";
				INFOPLIST_FILE = "Man's Best FriendTests/Info.plist";
				LD_RUNPATH_SEARCH_PATHS = "$(inherited) @executable_path/Frameworks @loader_path/Frameworks";
				PRODUCT_BUNDLE_IDENTIFIER = "self.edu.jromero.Man-s-Best-FriendTests";
				PRODUCT_NAME = "$(TARGET_NAME)";
				TEST_HOST = "$(BUILT_PRODUCTS_DIR)/Man's Best Friend.app/Man's Best Friend";
			};
			name = Debug;
		};
		44321C931D31622F008B48CF /* Release */ = {
			isa = XCBuildConfiguration;
			buildSettings = {
				BUNDLE_LOADER = "$(TEST_HOST)";
				INFOPLIST_FILE = "Man's Best FriendTests/Info.plist";
				LD_RUNPATH_SEARCH_PATHS = "$(inherited) @executable_path/Frameworks @loader_path/Frameworks";
				PRODUCT_BUNDLE_IDENTIFIER = "self.edu.jromero.Man-s-Best-FriendTests";
				PRODUCT_NAME = "$(TARGET_NAME)";
				TEST_HOST = "$(BUILT_PRODUCTS_DIR)/Man's Best Friend.app/Man's Best Friend";
			};
			name = Release;
		};
		44321C951D31622F008B48CF /* Debug */ = {
			isa = XCBuildConfiguration;
			buildSettings = {
				INFOPLIST_FILE = "Man's Best FriendUITests/Info.plist";
				LD_RUNPATH_SEARCH_PATHS = "$(inherited) @executable_path/Frameworks @loader_path/Frameworks";
				PRODUCT_BUNDLE_IDENTIFIER = "self.edu.jromero.Man-s-Best-FriendUITests";
				PRODUCT_NAME = "$(TARGET_NAME)";
				TEST_TARGET_NAME = "Man's Best Friend";
			};
			name = Debug;
		};
		44321C961D31622F008B48CF /* Release */ = {
			isa = XCBuildConfiguration;
			buildSettings = {
				INFOPLIST_FILE = "Man's Best FriendUITests/Info.plist";
				LD_RUNPATH_SEARCH_PATHS = "$(inherited) @executable_path/Frameworks @loader_path/Frameworks";
				PRODUCT_BUNDLE_IDENTIFIER = "self.edu.jromero.Man-s-Best-FriendUITests";
				PRODUCT_NAME = "$(TARGET_NAME)";
				TEST_TARGET_NAME = "Man's Best Friend";
			};
			name = Release;
		};
/* End XCBuildConfiguration section */

/* Begin XCConfigurationList section */
		44321C5C1D31622F008B48CF /* Build configuration list for PBXProject "Man's Best Friend" */ = {
			isa = XCConfigurationList;
			buildConfigurations = (
				44321C8C1D31622F008B48CF /* Debug */,
				44321C8D1D31622F008B48CF /* Release */,
			);
			defaultConfigurationIsVisible = 0;
			defaultConfigurationName = Release;
		};
		44321C8E1D31622F008B48CF /* Build configuration list for PBXNativeTarget "Man's Best Friend" */ = {
			isa = XCConfigurationList;
			buildConfigurations = (
				44321C8F1D31622F008B48CF /* Debug */,
				44321C901D31622F008B48CF /* Release */,
			);
			defaultConfigurationIsVisible = 0;
		};
		44321C911D31622F008B48CF /* Build configuration list for PBXNativeTarget "Man's Best FriendTests" */ = {
			isa = XCConfigurationList;
			buildConfigurations = (
				44321C921D31622F008B48CF /* Debug */,
				44321C931D31622F008B48CF /* Release */,
			);
			defaultConfigurationIsVisible = 0;
		};
		44321C941D31622F008B48CF /* Build configuration list for PBXNativeTarget "Man's Best FriendUITests" */ = {
			isa = XCConfigurationList;
			buildConfigurations = (
				44321C951D31622F008B48CF /* Debug */,
				44321C961D31622F008B48CF /* Release */,
			);
			defaultConfigurationIsVisible = 0;
		};
/* End XCConfigurationList section */
	};
	rootObject = 44321C591D31622F008B48CF /* Project object */;
}
